
Microsoft Visual Studio Solution File, Format Version 12.00
# Visual Studio Version 17
VisualStudioVersion = 17.13.35931.197 d17.13
MinimumVisualStudioVersion = 10.0.40219.1
Project("{FAE04EC0-301F-11D3-BF4B-00C04F79EFBC}") = "GlucoTrack_api", "GlucoTrack_api.csproj", "{C1DF97D5-1BC2-4F00-A218-E9D93B937E8B}"
EndProject
Global
	GlobalSection(SolutionConfigurationPlatforms) = preSolution
		Debug|Any CPU = Debug|Any CPU
		Release|Any CPU = Release|Any CPU
	EndGlobalSection
	GlobalSection(ProjectConfigurationPlatforms) = postSolution
		{C1DF97D5-1BC2-4F00-A218-E9D93B937E8B}.Debug|Any CPU.ActiveCfg = Debug|Any CPU
		{C1DF97D5-1BC2-4F00-A218-E9D93B937E8B}.Debug|Any CPU.Build.0 = Debug|Any CPU
		{C1DF97D5-1BC2-4F00-A218-E9D93B937E8B}.Release|Any CPU.ActiveCfg = Release|Any CPU
		{C1DF97D5-1BC2-4F00-A218-E9D93B937E8B}.Release|Any CPU.Build.0 = Release|Any CPU
	EndGlobalSection
	GlobalSection(SolutionProperties) = preSolution
		HideSolutionNode = FALSE
	EndGlobalSection
	GlobalSection(ExtensibilityGlobals) = postSolution
		SolutionGuid = {A271B37A-9A14-474B-B66A-596DDBEA6891}
	EndGlobalSection
EndGlobal
